
Microsoft Visual Studio Solution File, Format Version 11.00
# Visual Studio 2010
Project("{54435603-DBB4-11D2-8724-00A0C9A8B90C}") = "Nemrod Installer", "Nemrod Installer.vdproj", "{614024BC-369F-4B80-949C-28E5079E724D}"
EndProject
Global
	GlobalSection(SolutionConfigurationPlatforms) = preSolution
		Debug|Default = Debug|Default
		Release|Default = Release|Default
	EndGlobalSection
	GlobalSection(ProjectConfigurationPlatforms) = postSolution
		{614024BC-369F-4B80-949C-28E5079E724D}.Debug|Default.ActiveCfg = Debug
		{614024BC-369F-4B80-949C-28E5079E724D}.Debug|Default.Build.0 = Debug
		{614024BC-369F-4B80-949C-28E5079E724D}.Release|Default.ActiveCfg = Release
		{614024BC-369F-4B80-949C-28E5079E724D}.Release|Default.Build.0 = Release
	EndGlobalSection
	GlobalSection(SolutionProperties) = preSolution
		HideSolutionNode = FALSE
	EndGlobalSection
EndGlobal
